dependencies:
  espressif/cJSON:
    component_hash: 
      9372811fb197926f522c467627cf4a8e72b681e0366e17879631da801103aef3
    dependencies:
    - name: idf
      require: private
      version: '>=5.0'
    source:
      registry_url: https://components.espressif.com/
      type: service
    version: 1.7.19
  espressif/iperf:
    component_hash: 
      d2612130967a5384fe517cc41c27bae8cf71a16a91df98a3610b48e6888ec359
    dependencies:
    - name: idf
      require: private
      version: '>=4.3'
    source:
      registry_url: https://components.espressif.com/
      type: service
    version: 0.1.3
  idf:
    source:
      type: idf
    version: 6.0.0
direct_dependencies:
- espressif/cJSON
- espressif/iperf
manifest_hash: a7eb0b8da7939693db0c9010f3b9d090793c1cef63bd2aea5c57295adf2d6dd6
target: esp32c3
version: 2.0.0
